// !$*UTF8*$!
{
	archiveVersion = 1;
	classes = {
	};
	objectVersion = 50;
	objects = {

/* Begin PBXBuildFile section */
		FA643B662634863A006B5D31 /* Readme.md in Resources */ = {isa = PBXBuildFile; fileRef = FA643B652634863A006B5D31 /* Readme.md */; };
		FA897FC526317E560098C80A /* CollapsableSectionsApp.swift in Sources */ = {isa = PBXBuildFile; fileRef = FA897FC426317E560098C80A /* CollapsableSectionsApp.swift */; };
		FA897FC726317E560098C80A /* SectionListView.swift in Sources */ = {isa = PBXBuildFile; fileRef = FA897FC626317E560098C80A /* SectionListView.swift */; };
		FA897FC926317E580098C80A /* Assets.xcassets in Resources */ = {isa = PBXBuildFile; fileRef = FA897FC826317E580098C80A /* Assets.xcassets */; };
		FA897FCC26317E580098C80A /* Preview Assets.xcassets in Resources */ = {isa = PBXBuildFile; fileRef = FA897FCB26317E580098C80A /* Preview Assets.xcassets */; };
		FA897FD526317E980098C80A /* Section.swift in Sources */ = {isa = PBXBuildFile; fileRef = FA897FD426317E980098C80A /* Section.swift */; };
		FA897FD9263180910098C80A /* SectionView.swift in Sources */ = {isa = PBXBuildFile; fileRef = FA897FD8263180910098C80A /* SectionView.swift */; };
		FA897FDC263184B00098C80A /* ItemView.swift in Sources */ = {isa = PBXBuildFile; fileRef = FA897FDB263184B00098C80A /* ItemView.swift */; };
		FAD2076E2634388B00022C52 /* Image+SFSymbol.swift in Sources */ = {isa = PBXBuildFile; fileRef = FAD2076D2634388B00022C52 /* Image+SFSymbol.swift */; };
/* End PBXBuildFile section */

/* Begin PBXFileReference section */
		FA643B652634863A006B5D31 /* Readme.md */ = {isa = PBXFileReference; lastKnownFileType = net.daringfireball.markdown; path = Readme.md; sourceTree = "<group>"; };
		FA897FC126317E560098C80A /* CollapsableSections.app */ = {isa = PBXFileReference; explicitFileType = wrapper.application; includeInIndex = 0; path = CollapsableSections.app; sourceTree = BUILT_PRODUCTS_DIR; };
		FA897FC426317E560098C80A /* CollapsableSectionsApp.swift */ = {isa = PBXFileReference; lastKnownFileType = sourcecode.swift; path = CollapsableSectionsApp.swift; sourceTree = "<group>"; };
		FA897FC626317E560098C80A /* SectionListView.swift */ = {isa = PBXFileReference; lastKnownFileType = sourcecode.swift; path = SectionListView.swift; sourceTree = "<group>"; };
		FA897FC826317E580098C80A /* Assets.xcassets */ = {isa = PBXFileReference; lastKnownFileType = folder.assetcatalog; path = Assets.xcassets; sourceTree = "<group>"; };
		FA897FCB26317E580098C80A /* Preview Assets.xcassets */ = {isa = PBXFileReference; lastKnownFileType = folder.assetcatalog; path = "Preview Assets.xcassets"; sourceTree = "<group>"; };
		FA897FCD26317E580098C80A /* Info.plist */ = {isa = PBXFileReference; lastKnownFileType = text.plist.xml; path = Info.plist; sourceTree = "<group>"; };
		FA897FD426317E980098C80A /* Section.swift */ = {isa = PBXFileReference; lastKnownFileType = sourcecode.swift; path = Section.swift; sourceTree = "<group>"; };
		FA897FD8263180910098C80A /* SectionView.swift */ = {isa = PBXFileReference; lastKnownFileType = sourcecode.swift; path = SectionView.swift; sourceTree = "<group>"; };
		FA897FDB263184B00098C80A /* ItemView.swift */ = {isa = PBXFileReference; lastKnownFileType = sourcecode.swift; path = ItemView.swift; sourceTree = "<group>"; };
		FAD2076D2634388B00022C52 /* Image+SFSymbol.swift */ = {isa = PBXFileReference; lastKnownFileType = sourcecode.swift; path = "Image+SFSymbol.swift"; sourceTree = "<group>"; };
/* End PBXFileReference section */

/* Begin PBXFrameworksBuildPhase section */
		FA897FBE26317E560098C80A /* Frameworks */ = {
			isa = PBXFrameworksBuildPhase;
			buildActionMask = 2147483647;
			files = (
			);
			runOnlyForDeploymentPostprocessing = 0;
		};
/* End PBXFrameworksBuildPhase section */

/* Begin PBXGroup section */
		FA897FB826317E560098C80A = {
			isa = PBXGroup;
			children = (
				FA643B652634863A006B5D31 /* Readme.md */,
				FA897FC326317E560098C80A /* CollapsableSections */,
				FA897FC226317E560098C80A /* Products */,
			);
			sourceTree = "<group>";
		};
		FA897FC226317E560098C80A /* Products */ = {
			isa = PBXGroup;
			children = (
				FA897FC126317E560098C80A /* CollapsableSections.app */,
			);
			name = Products;
			sourceTree = "<group>";
		};
		FA897FC326317E560098C80A /* CollapsableSections */ = {
			isa = PBXGroup;
			children = (
				FA897FC426317E560098C80A /* CollapsableSectionsApp.swift */,
				FA897FD426317E980098C80A /* Section.swift */,
				FA897FDB263184B00098C80A /* ItemView.swift */,
				FA897FD8263180910098C80A /* SectionView.swift */,
				FA897FC626317E560098C80A /* SectionListView.swift */,
				FAD2076D2634388B00022C52 /* Image+SFSymbol.swift */,
				FA897FC826317E580098C80A /* Assets.xcassets */,
				FA897FCD26317E580098C80A /* Info.plist */,
				FA897FCA26317E580098C80A /* Preview Content */,
			);
			path = CollapsableSections;
			sourceTree = "<group>";
		};
		FA897FCA26317E580098C80A /* Preview Content */ = {
			isa = PBXGroup;
			children = (
				FA897FCB26317E580098C80A /* Preview Assets.xcassets */,
			);
			path = "Preview Content";
			sourceTree = "<group>";
		};
/* End PBXGroup section */

/* Begin PBXNativeTarget section */
		FA897FC026317E560098C80A /* CollapsableSections */ = {
			isa = PBXNativeTarget;
			buildConfigurationList = FA897FD026317E580098C80A /* Build configuration list for PBXNativeTarget "CollapsableSections" */;
			buildPhases = (
				FA897FBD26317E560098C80A /* Sources */,
				FA897FBE26317E560098C80A /* Frameworks */,
				FA897FBF26317E560098C80A /* Resources */,
			);
			buildRules = (
			);
			dependencies = (
			);
			name = CollapsableSections;
			productName = CollapsableSections;
			productReference = FA897FC126317E560098C80A /* CollapsableSections.app */;
			productType = "com.apple.product-type.application";
		};
/* End PBXNativeTarget section */

/* Begin PBXProject section */
		FA897FB926317E560098C80A /* Project object */ = {
			isa = PBXProject;
			attributes = {
				LastSwiftUpdateCheck = 1240;
				LastUpgradeCheck = 1240;
				TargetAttributes = {
					FA897FC026317E560098C80A = {
						CreatedOnToolsVersion = 12.4;
					};
				};
			};
			buildConfigurationList = FA897FBC26317E560098C80A /* Build configuration list for PBXProject "CollapsableSections" */;
			compatibilityVersion = "Xcode 9.3";
			developmentRegion = en;
			hasScannedForEncodings = 0;
			knownRegions = (
				en,
				Base,
			);
			mainGroup = FA897FB826317E560098C80A;
			productRefGroup = FA897FC226317E560098C80A /* Products */;
			projectDirPath = "";
			projectRoot = "";
			targets = (
				FA897FC026317E560098C80A /* CollapsableSections */,
			);
		};
/* End PBXProject section */

/* Begin PBXResourcesBuildPhase section */
		FA897FBF26317E560098C80A /* Resources */ = {
			isa = PBXResourcesBuildPhase;
			buildActionMask = 2147483647;
			files = (
				FA897FCC26317E580098C80A /* Preview Assets.xcassets in Resources */,
				FA897FC926317E580098C80A /* Assets.xcassets in Resources */,
				FA643B662634863A006B5D31 /* Readme.md in Resources */,
			);
			runOnlyForDeploymentPostprocessing = 0;
		};
/* End PBXResourcesBuildPhase section */

/* Begin PBXSourcesBuildPhase section */
		FA897FBD26317E560098C80A /* Sources */ = {
			isa = PBXSourcesBuildPhase;
			buildActionMask = 2147483647;
			files = (
				FA897FD9263180910098C80A /* SectionView.swift in Sources */,
				FA897FDC263184B00098C80A /* ItemView.swift in Sources */,
				FAD2076E2634388B00022C52 /* Image+SFSymbol.swift in Sources */,
				FA897FD526317E980098C80A /* Section.swift in Sources */,
				FA897FC726317E560098C80A /* SectionListView.swift in Sources */,
				FA897FC526317E560098C80A /* CollapsableSectionsApp.swift in Sources */,
			);
			runOnlyForDeploymentPostprocessing = 0;
		};
/* End PBXSourcesBuildPhase section */

/* Begin XCBuildConfiguration section */
		FA897FCE26317E580098C80A /* Debug */ = {
			isa = XCBuildConfiguration;
			buildSettings = {
				ALWAYS_SEARCH_USER_PATHS = NO;
				CLANG_ANALYZER_NONNULL = YES;
				CLANG_ANALYZER_NUMBER_OBJECT_CONVERSION = YES_AGGRESSIVE;
				CLANG_CXX_LANGUAGE_STANDARD = "gnu++14";
				CLANG_CXX_LIBRARY = "libc++";
				CLANG_ENABLE_MODULES = YES;
				CLANG_ENABLE_OBJC_ARC = YES;
				CLANG_ENABLE_OBJC_WEAK = YES;
				CLANG_WARN_BLOCK_CAPTURE_AUTORELEASING = YES;
				CLANG_WARN_BOOL_CONVERSION = YES;
				CLANG_WARN_COMMA = YES;
				CLANG_WARN_CONSTANT_CONVERSION = YES;
				CLANG_WARN_DEPRECATED_OBJC_IMPLEMENTATIONS = YES;
				CLANG_WARN_DIRECT_OBJC_ISA_USAGE = YES_ERROR;
				CLANG_WARN_DOCUMENTATION_COMMENTS = YES;
				CLANG_WARN_EMPTY_BODY = YES;
				CLANG_WARN_ENUM_CONVERSION = YES;
				CLANG_WARN_INFINITE_RECURSION = YES;
				CLANG_WARN_INT_CONVERSION = YES;
				CLANG_WARN_NON_LITERAL_NULL_CONVERSION = YES;
				CLANG_WARN_OBJC_IMPLICIT_RETAIN_SELF = YES;
				CLANG_WARN_OBJC_LITERAL_CONVERSION = YES;
				CLANG_WARN_OBJC_ROOT_CLASS = YES_ERROR;
				CLANG_WARN_QUOTED_INCLUDE_IN_FRAMEWORK_HEADER = YES;
				CLANG_WARN_RANGE_LOOP_ANALYSIS = YES;
				CLANG_WARN_STRICT_PROTOTYPES = YES;
				CLANG_WARN_SUSPICIOUS_MOVE = YES;
				CLANG_WARN_UNGUARDED_AVAILABILITY = YES_AGGRESSIVE;
				CLANG_WARN_UNREACHABLE_CODE = YES;
				CLANG_WARN__DUPLICATE_METHOD_MATCH = YES;
				COPY_PHASE_STRIP = NO;
				DEBUG_INFORMATION_FORMAT = dwarf;
				ENABLE_STRICT_OBJC_MSGSEND = YES;
				ENABLE_TESTABILITY = YES;
				GCC_C_LANGUAGE_STANDARD = gnu11;
				GCC_DYNAMIC_NO_PIC = NO;
				GCC_NO_COMMON_BLOCKS = YES;
				GCC_OPTIMIZATION_LEVEL = 0;
				GCC_PREPROCESSOR_DEFINITIONS = (
					"DEBUG=1",
					"$(inherited)",
				);
				GCC_WARN_64_TO_32_BIT_CONVERSION = YES;
				GCC_WARN_ABOUT_RETURN_TYPE = YES_ERROR;
				GCC_WARN_UNDECLARED_SELECTOR = YES;
				GCC_WARN_UNINITIALIZED_AUTOS = YES_AGGRESSIVE;
				GCC_WARN_UNUSED_FUNCTION = YES;
				GCC_WARN_UNUSED_VARIABLE = YES;
				IPHONEOS_DEPLOYMENT_TARGET = 14.4;
				MTL_ENABLE_DEBUG_INFO = INCLUDE_SOURCE;
				MTL_FAST_MATH = YES;
				ONLY_ACTIVE_ARCH = YES;
				SDKROOT = iphoneos;
				SWIFT_ACTIVE_COMPILATION_CONDITIONS = DEBUG;
				SWIFT_OPTIMIZATION_LEVEL = "-Onone";
			};
			name = Debug;
		};
		FA897FCF26317E580098C80A /* Release */ = {
			isa = XCBuildConfiguration;
			buildSettings = {
				ALWAYS_SEARCH_USER_PATHS = NO;
				CLANG_ANALYZER_NONNULL = YES;
				CLANG_ANALYZER_NUMBER_OBJECT_CONVERSION = YES_AGGRESSIVE;
				CLANG_CXX_LANGUAGE_STANDARD = "gnu++14";
				CLANG_CXX_LIBRARY = "libc++";
				CLANG_ENABLE_MODULES = YES;
				CLANG_ENABLE_OBJC_ARC = YES;
				CLANG_ENABLE_OBJC_WEAK = YES;
				CLANG_WARN_BLOCK_CAPTURE_AUTORELEASING = YES;
				CLANG_WARN_BOOL_CONVERSION = YES;
				CLANG_WARN_COMMA = YES;
				CLANG_WARN_CONSTANT_CONVERSION = YES;
				CLANG_WARN_DEPRECATED_OBJC_IMPLEMENTATIONS = YES;
				CLANG_WARN_DIRECT_OBJC_ISA_USAGE = YES_ERROR;
				CLANG_WARN_DOCUMENTATION_COMMENTS = YES;
				CLANG_WARN_EMPTY_BODY = YES;
				CLANG_WARN_ENUM_CONVERSION = YES;
				CLANG_WARN_INFINITE_RECURSION = YES;
				CLANG_WARN_INT_CONVERSION = YES;
				CLANG_WARN_NON_LITERAL_NULL_CONVERSION = YES;
				CLANG_WARN_OBJC_IMPLICIT_RETAIN_SELF = YES;
				CLANG_WARN_OBJC_LITERAL_CONVERSION = YES;
				CLANG_WARN_OBJC_ROOT_CLASS = YES_ERROR;
				CLANG_WARN_QUOTED_INCLUDE_IN_FRAMEWORK_HEADER = YES;
				CLANG_WARN_RANGE_LOOP_ANALYSIS = YES;
				CLANG_WARN_STRICT_PROTOTYPES = YES;
				CLANG_WARN_SUSPICIOUS_MOVE = YES;
				CLANG_WARN_UNGUARDED_AVAILABILITY = YES_AGGRESSIVE;
				CLANG_WARN_UNREACHABLE_CODE = YES;
				CLANG_WARN__DUPLICATE_METHOD_MATCH = YES;
				COPY_PHASE_STRIP = NO;
				DEBUG_INFORMATION_FORMAT = "dwarf-with-dsym";
				ENABLE_NS_ASSERTIONS = NO;
				ENABLE_STRICT_OBJC_MSGSEND = YES;
				GCC_C_LANGUAGE_STANDARD = gnu11;
				GCC_NO_COMMON_BLOCKS = YES;
				GCC_WARN_64_TO_32_BIT_CONVERSION = YES;
				GCC_WARN_ABOUT_RETURN_TYPE = YES_ERROR;
				GCC_WARN_UNDECLARED_SELECTOR = YES;
				GCC_WARN_UNINITIALIZED_AUTOS = YES_AGGRESSIVE;
				GCC_WARN_UNUSED_FUNCTION = YES;
				GCC_WARN_UNUSED_VARIABLE = YES;
				IPHONEOS_DEPLOYMENT_TARGET = 14.4;
				MTL_ENABLE_DEBUG_INFO = NO;
				MTL_FAST_MATH = YES;
				SDKROOT = iphoneos;
				SWIFT_COMPILATION_MODE = wholemodule;
				SWIFT_OPTIMIZATION_LEVEL = "-O";
				VALIDATE_PRODUCT = YES;
			};
			name = Release;
		};
		FA897FD126317E580098C80A /* Debug */ = {
			isa = XCBuildConfiguration;
			buildSettings = {
				ASSETCATALOG_COMPILER_APPICON_NAME = AppIcon;
				ASSETCATALOG_COMPILER_GLOBAL_ACCENT_COLOR_NAME = AccentColor;
				CODE_SIGN_STYLE = Automatic;
				DEVELOPMENT_ASSET_PATHS = "\"CollapsableSections/Preview Content\"";
				DEVELOPMENT_TEAM = N4JB8BTR5D;
				ENABLE_PREVIEWS = YES;
				INFOPLIST_FILE = CollapsableSections/Info.plist;
				IPHONEOS_DEPLOYMENT_TARGET = 14.1;
				LD_RUNPATH_SEARCH_PATHS = (
					"$(inherited)",
					"@executable_path/Frameworks",
				);
				PRODUCT_BUNDLE_IDENTIFIER = com.tonezone6.CollapsableSections;
				PRODUCT_NAME = "$(TARGET_NAME)";
				SWIFT_VERSION = 5.0;
				TARGETED_DEVICE_FAMILY = "1,2";
			};
			name = Debug;
		};
		FA897FD226317E580098C80A /* Release */ = {
			isa = XCBuildConfiguration;
			buildSettings = {
				ASSETCATALOG_COMPILER_APPICON_NAME = AppIcon;
				ASSETCATALOG_COMPILER_GLOBAL_ACCENT_COLOR_NAME = AccentColor;
				CODE_SIGN_STYLE = Automatic;
				DEVELOPMENT_ASSET_PATHS = "\"CollapsableSections/Preview Content\"";
				DEVELOPMENT_TEAM = N4JB8BTR5D;
				ENABLE_PREVIEWS = YES;
				INFOPLIST_FILE = CollapsableSections/Info.plist;
				IPHONEOS_DEPLOYMENT_TARGET = 14.1;
				LD_RUNPATH_SEARCH_PATHS = (
					"$(inherited)",
					"@executable_path/Frameworks",
				);
				PRODUCT_BUNDLE_IDENTIFIER = com.tonezone6.CollapsableSections;
				PRODUCT_NAME = "$(TARGET_NAME)";
				SWIFT_VERSION = 5.0;
				TARGETED_DEVICE_FAMILY = "1,2";
			};
			name = Release;
		};
/* End XCBuildConfiguration section */

/* Begin XCConfigurationList section */
		FA897FBC26317E560098C80A /* Build configuration list for PBXProject "CollapsableSections" */ = {
			isa = XCConfigurationList;
			buildConfigurations = (
				FA897FCE26317E580098C80A /* Debug */,
				FA897FCF26317E580098C80A /* Release */,
			);
			defaultConfigurationIsVisible = 0;
			defaultConfigurationName = Release;
		};
		FA897FD026317E580098C80A /* Build configuration list for PBXNativeTarget "CollapsableSections" */ = {
			isa = XCConfigurationList;
			buildConfigurations = (
				FA897FD126317E580098C80A /* Debug */,
				FA897FD226317E580098C80A /* Release */,
			);
			defaultConfigurationIsVisible = 0;
			defaultConfigurationName = Release;
		};
/* End XCConfigurationList section */
	};
	rootObject = FA897FB926317E560098C80A /* Project object */;
}
